// !$*UTF8*$!
{
	archiveVersion = 1;
	classes = {
	};
	objectVersion = 56;
	objects = {

/* Begin PBXBuildFile section */
		71F594C62B87F66E004A61ED /* Absence_RecorderApp.swift in Sources */ = {isa = PBXBuildFile; fileRef = 71F594C52B87F66E004A61ED /* Absence_RecorderApp.swift */; };
		71F594C82B87F66E004A61ED /* ContentView.swift in Sources */ = {isa = PBXBuildFile; fileRef = 71F594C72B87F66E004A61ED /* ContentView.swift */; };
		71F594CA2B87F670004A61ED /* Assets.xcassets in Resources */ = {isa = PBXBuildFile; fileRef = 71F594C92B87F670004A61ED /* Assets.xcassets */; };
		71F594CD2B87F670004A61ED /* Preview Assets.xcassets in Resources */ = {isa = PBXBuildFile; fileRef = 71F594CC2B87F670004A61ED /* Preview Assets.xcassets */; };
		71F594D72B87F670004A61ED /* Absence_RecorderTests.swift in Sources */ = {isa = PBXBuildFile; fileRef = 71F594D62B87F670004A61ED /* Absence_RecorderTests.swift */; };
		71F594E12B87F670004A61ED /* Absence_RecorderUITests.swift in Sources */ = {isa = PBXBuildFile; fileRef = 71F594E02B87F670004A61ED /* Absence_RecorderUITests.swift */; };
		71F594E32B87F670004A61ED /* Absence_RecorderUITestsLaunchTests.swift in Sources */ = {isa = PBXBuildFile; fileRef = 71F594E22B87F670004A61ED /* Absence_RecorderUITestsLaunchTests.swift */; };
/* End PBXBuildFile section */

/* Begin PBXContainerItemProxy section */
		71F594D32B87F670004A61ED /* PBXContainerItemProxy */ = {
			isa = PBXContainerItemProxy;
			containerPortal = 71F594BA2B87F66E004A61ED /* Project object */;
			proxyType = 1;
			remoteGlobalIDString = 71F594C12B87F66E004A61ED;
			remoteInfo = "Absence Recorder";
		};
		71F594DD2B87F670004A61ED /* PBXContainerItemProxy */ = {
			isa = PBXContainerItemProxy;
			containerPortal = 71F594BA2B87F66E004A61ED /* Project object */;
			proxyType = 1;
			remoteGlobalIDString = 71F594C12B87F66E004A61ED;
			remoteInfo = "Absence Recorder";
		};
/* End PBXContainerItemProxy section */

/* Begin PBXFileReference section */
		71F594C22B87F66E004A61ED /* Absence Recorder.app */ = {isa = PBXFileReference; explicitFileType = wrapper.application; includeInIndex = 0; path = "Absence Recorder.app"; sourceTree = BUILT_PRODUCTS_DIR; };
		71F594C52B87F66E004A61ED /* Absence_RecorderApp.swift */ = {isa = PBXFileReference; lastKnownFileType = sourcecode.swift; path = Absence_RecorderApp.swift; sourceTree = "<group>"; };
		71F594C72B87F66E004A61ED /* ContentView.swift */ = {isa = PBXFileReference; lastKnownFileType = sourcecode.swift; path = ContentView.swift; sourceTree = "<group>"; };
		71F594C92B87F670004A61ED /* Assets.xcassets */ = {isa = PBXFileReference; lastKnownFileType = folder.assetcatalog; path = Assets.xcassets; sourceTree = "<group>"; };
		71F594CC2B87F670004A61ED /* Preview Assets.xcassets */ = {isa = PBXFileReference; lastKnownFileType = folder.assetcatalog; path = "Preview Assets.xcassets"; sourceTree = "<group>"; };
		71F594D22B87F670004A61ED /* Absence RecorderTests.xctest */ = {isa = PBXFileReference; explicitFileType = wrapper.cfbundle; includeInIndex = 0; path = "Absence RecorderTests.xctest"; sourceTree = BUILT_PRODUCTS_DIR; };
		71F594D62B87F670004A61ED /* Absence_RecorderTests.swift */ = {isa = PBXFileReference; lastKnownFileType = sourcecode.swift; path = Absence_RecorderTests.swift; sourceTree = "<group>"; };
		71F594DC2B87F670004A61ED /* Absence RecorderUITests.xctest */ = {isa = PBXFileReference; explicitFileType = wrapper.cfbundle; includeInIndex = 0; path = "Absence RecorderUITests.xctest"; sourceTree = BUILT_PRODUCTS_DIR; };
		71F594E02B87F670004A61ED /* Absence_RecorderUITests.swift */ = {isa = PBXFileReference; lastKnownFileType = sourcecode.swift; path = Absence_RecorderUITests.swift; sourceTree = "<group>"; };
		71F594E22B87F670004A61ED /* Absence_RecorderUITestsLaunchTests.swift */ = {isa = PBXFileReference; lastKnownFileType = sourcecode.swift; path = Absence_RecorderUITestsLaunchTests.swift; sourceTree = "<group>"; };
/* End PBXFileReference section */

/* Begin PBXFrameworksBuildPhase section */
		71F594BF2B87F66E004A61ED /* Frameworks */ = {
			isa = PBXFrameworksBuildPhase;
			buildActionMask = 2147483647;
			files = (
			);
			runOnlyForDeploymentPostprocessing = 0;
		};
		71F594CF2B87F670004A61ED /* Frameworks */ = {
			isa = PBXFrameworksBuildPhase;
			buildActionMask = 2147483647;
			files = (
			);
			runOnlyForDeploymentPostprocessing = 0;
		};
		71F594D92B87F670004A61ED /* Frameworks */ = {
			isa = PBXFrameworksBuildPhase;
			buildActionMask = 2147483647;
			files = (
			);
			runOnlyForDeploymentPostprocessing = 0;
		};
/* End PBXFrameworksBuildPhase section */

/* Begin PBXGroup section */
		71F594B92B87F66E004A61ED = {
			isa = PBXGroup;
			children = (
				71F594C42B87F66E004A61ED /* Absence Recorder */,
				71F594D52B87F670004A61ED /* Absence RecorderTests */,
				71F594DF2B87F670004A61ED /* Absence RecorderUITests */,
				71F594C32B87F66E004A61ED /* Products */,
			);
			sourceTree = "<group>";
		};
		71F594C32B87F66E004A61ED /* Products */ = {
			isa = PBXGroup;
			children = (
				71F594C22B87F66E004A61ED /* Absence Recorder.app */,
				71F594D22B87F670004A61ED /* Absence RecorderTests.xctest */,
				71F594DC2B87F670004A61ED /* Absence RecorderUITests.xctest */,
			);
			name = Products;
			sourceTree = "<group>";
		};
		71F594C42B87F66E004A61ED /* Absence Recorder */ = {
			isa = PBXGroup;
			children = (
				71F594C52B87F66E004A61ED /* Absence_RecorderApp.swift */,
				71F594C72B87F66E004A61ED /* ContentView.swift */,
				71F594C92B87F670004A61ED /* Assets.xcassets */,
				71F594CB2B87F670004A61ED /* Preview Content */,
			);
			path = "Absence Recorder";
			sourceTree = "<group>";
		};
		71F594CB2B87F670004A61ED /* Preview Content */ = {
			isa = PBXGroup;
			children = (
				71F594CC2B87F670004A61ED /* Preview Assets.xcassets */,
			);
			path = "Preview Content";
			sourceTree = "<group>";
		};
		71F594D52B87F670004A61ED /* Absence RecorderTests */ = {
			isa = PBXGroup;
			children = (
				71F594D62B87F670004A61ED /* Absence_RecorderTests.swift */,
			);
			path = "Absence RecorderTests";
			sourceTree = "<group>";
		};
		71F594DF2B87F670004A61ED /* Absence RecorderUITests */ = {
			isa = PBXGroup;
			children = (
				71F594E02B87F670004A61ED /* Absence_RecorderUITests.swift */,
				71F594E22B87F670004A61ED /* Absence_RecorderUITestsLaunchTests.swift */,
			);
			path = "Absence RecorderUITests";
			sourceTree = "<group>";
		};
/* End PBXGroup section */

/* Begin PBXNativeTarget section */
		71F594C12B87F66E004A61ED /* Absence Recorder */ = {
			isa = PBXNativeTarget;
			buildConfigurationList = 71F594E62B87F670004A61ED /* Build configuration list for PBXNativeTarget "Absence Recorder" */;
			buildPhases = (
				71F594BE2B87F66E004A61ED /* Sources */,
				71F594BF2B87F66E004A61ED /* Frameworks */,
				71F594C02B87F66E004A61ED /* Resources */,
			);
			buildRules = (
			);
			dependencies = (
			);
			name = "Absence Recorder";
			productName = "Absence Recorder";
			productReference = 71F594C22B87F66E004A61ED /* Absence Recorder.app */;
			productType = "com.apple.product-type.application";
		};
		71F594D12B87F670004A61ED /* Absence RecorderTests */ = {
			isa = PBXNativeTarget;
			buildConfigurationList = 71F594E92B87F670004A61ED /* Build configuration list for PBXNativeTarget "Absence RecorderTests" */;
			buildPhases = (
				71F594CE2B87F670004A61ED /* Sources */,
				71F594CF2B87F670004A61ED /* Frameworks */,
				71F594D02B87F670004A61ED /* Resources */,
			);
			buildRules = (
			);
			dependencies = (
				71F594D42B87F670004A61ED /* PBXTargetDependency */,
			);
			name = "Absence RecorderTests";
			productName = "Absence RecorderTests";
			productReference = 71F594D22B87F670004A61ED /* Absence RecorderTests.xctest */;
			productType = "com.apple.product-type.bundle.unit-test";
		};
		71F594DB2B87F670004A61ED /* Absence RecorderUITests */ = {
			isa = PBXNativeTarget;
			buildConfigurationList = 71F594EC2B87F670004A61ED /* Build configuration list for PBXNativeTarget "Absence RecorderUITests" */;
			buildPhases = (
				71F594D82B87F670004A61ED /* Sources */,
				71F594D92B87F670004A61ED /* Frameworks */,
				71F594DA2B87F670004A61ED /* Resources */,
			);
			buildRules = (
			);
			dependencies = (
				71F594DE2B87F670004A61ED /* PBXTargetDependency */,
			);
			name = "Absence RecorderUITests";
			productName = "Absence RecorderUITests";
			productReference = 71F594DC2B87F670004A61ED /* Absence RecorderUITests.xctest */;
			productType = "com.apple.product-type.bundle.ui-testing";
		};
/* End PBXNativeTarget section */

/* Begin PBXProject section */
		71F594BA2B87F66E004A61ED /* Project object */ = {
			isa = PBXProject;
			attributes = {
				BuildIndependentTargetsInParallel = 1;
				LastSwiftUpdateCheck = 1520;
				LastUpgradeCheck = 1520;
				TargetAttributes = {
					71F594C12B87F66E004A61ED = {
						CreatedOnToolsVersion = 15.2;
					};
					71F594D12B87F670004A61ED = {
						CreatedOnToolsVersion = 15.2;
						TestTargetID = 71F594C12B87F66E004A61ED;
					};
					71F594DB2B87F670004A61ED = {
						CreatedOnToolsVersion = 15.2;
						TestTargetID = 71F594C12B87F66E004A61ED;
					};
				};
			};
			buildConfigurationList = 71F594BD2B87F66E004A61ED /* Build configuration list for PBXProject "Absence Recorder" */;
			compatibilityVersion = "Xcode 14.0";
			developmentRegion = en;
			hasScannedForEncodings = 0;
			knownRegions = (
				en,
				Base,
			);
			mainGroup = 71F594B92B87F66E004A61ED;
			productRefGroup = 71F594C32B87F66E004A61ED /* Products */;
			projectDirPath = "";
			projectRoot = "";
			targets = (
				71F594C12B87F66E004A61ED /* Absence Recorder */,
				71F594D12B87F670004A61ED /* Absence RecorderTests */,
				71F594DB2B87F670004A61ED /* Absence RecorderUITests */,
			);
		};
/* End PBXProject section */

/* Begin PBXResourcesBuildPhase section */
		71F594C02B87F66E004A61ED /* Resources */ = {
			isa = PBXResourcesBuildPhase;
			buildActionMask = 2147483647;
			files = (
				71F594CD2B87F670004A61ED /* Preview Assets.xcassets in Resources */,
				71F594CA2B87F670004A61ED /* Assets.xcassets in Resources */,
			);
			runOnlyForDeploymentPostprocessing = 0;
		};
		71F594D02B87F670004A61ED /* Resources */ = {
			isa = PBXResourcesBuildPhase;
			buildActionMask = 2147483647;
			files = (
			);
			runOnlyForDeploymentPostprocessing = 0;
		};
		71F594DA2B87F670004A61ED /* Resources */ = {
			isa = PBXResourcesBuildPhase;
			buildActionMask = 2147483647;
			files = (
			);
			runOnlyForDeploymentPostprocessing = 0;
		};
/* End PBXResourcesBuildPhase section */

/* Begin PBXSourcesBuildPhase section */
		71F594BE2B87F66E004A61ED /* Sources */ = {
			isa = PBXSourcesBuildPhase;
			buildActionMask = 2147483647;
			files = (
				71F594C82B87F66E004A61ED /* ContentView.swift in Sources */,
				71F594C62B87F66E004A61ED /* Absence_RecorderApp.swift in Sources */,
			);
			runOnlyForDeploymentPostprocessing = 0;
		};
		71F594CE2B87F670004A61ED /* Sources */ = {
			isa = PBXSourcesBuildPhase;
			buildActionMask = 2147483647;
			files = (
				71F594D72B87F670004A61ED /* Absence_RecorderTests.swift in Sources */,
			);
			runOnlyForDeploymentPostprocessing = 0;
		};
		71F594D82B87F670004A61ED /* Sources */ = {
			isa = PBXSourcesBuildPhase;
			buildActionMask = 2147483647;
			files = (
				71F594E32B87F670004A61ED /* Absence_RecorderUITestsLaunchTests.swift in Sources */,
				71F594E12B87F670004A61ED /* Absence_RecorderUITests.swift in Sources */,
			);
			runOnlyForDeploymentPostprocessing = 0;
		};
/* End PBXSourcesBuildPhase section */

/* Begin PBXTargetDependency section */
		71F594D42B87F670004A61ED /* PBXTargetDependency */ = {
			isa = PBXTargetDependency;
			target = 71F594C12B87F66E004A61ED /* Absence Recorder */;
			targetProxy = 71F594D32B87F670004A61ED /* PBXContainerItemProxy */;
		};
		71F594DE2B87F670004A61ED /* PBXTargetDependency */ = {
			isa = PBXTargetDependency;
			target = 71F594C12B87F66E004A61ED /* Absence Recorder */;
			targetProxy = 71F594DD2B87F670004A61ED /* PBXContainerItemProxy */;
		};
/* End PBXTargetDependency section */

/* Begin XCBuildConfiguration section */
		71F594E42B87F670004A61ED /* Debug */ = {
			isa = XCBuildConfiguration;
			buildSettings = {
				ALWAYS_SEARCH_USER_PATHS = NO;
				ASSETCATALOG_COMPILER_GENERATE_SWIFT_ASSET_SYMBOL_EXTENSIONS = YES;
				CLANG_ANALYZER_NONNULL = YES;
				CLANG_ANALYZER_NUMBER_OBJECT_CONVERSION = YES_AGGRESSIVE;
				CLANG_CXX_LANGUAGE_STANDARD = "gnu++20";
				CLANG_ENABLE_MODULES = YES;
				CLANG_ENABLE_OBJC_ARC = YES;
				CLANG_ENABLE_OBJC_WEAK = YES;
				CLANG_WARN_BLOCK_CAPTURE_AUTORELEASING = YES;
				CLANG_WARN_BOOL_CONVERSION = YES;
				CLANG_WARN_COMMA = YES;
				CLANG_WARN_CONSTANT_CONVERSION = YES;
				CLANG_WARN_DEPRECATED_OBJC_IMPLEMENTATIONS = YES;
				CLANG_WARN_DIRECT_OBJC_ISA_USAGE = YES_ERROR;
				CLANG_WARN_DOCUMENTATION_COMMENTS = YES;
				CLANG_WARN_EMPTY_BODY = YES;
				CLANG_WARN_ENUM_CONVERSION = YES;
				CLANG_WARN_INFINITE_RECURSION = YES;
				CLANG_WARN_INT_CONVERSION = YES;
				CLANG_WARN_NON_LITERAL_NULL_CONVERSION = YES;
				CLANG_WARN_OBJC_IMPLICIT_RETAIN_SELF = YES;
				CLANG_WARN_OBJC_LITERAL_CONVERSION = YES;
				CLANG_WARN_OBJC_ROOT_CLASS = YES_ERROR;
				CLANG_WARN_QUOTED_INCLUDE_IN_FRAMEWORK_HEADER = YES;
				CLANG_WARN_RANGE_LOOP_ANALYSIS = YES;
				CLANG_WARN_STRICT_PROTOTYPES = YES;
				CLANG_WARN_SUSPICIOUS_MOVE = YES;
				CLANG_WARN_UNGUARDED_AVAILABILITY = YES_AGGRESSIVE;
				CLANG_WARN_UNREACHABLE_CODE = YES;
				CLANG_WARN__DUPLICATE_METHOD_MATCH = YES;
				COPY_PHASE_STRIP = NO;
				DEBUG_INFORMATION_FORMAT = dwarf;
				ENABLE_STRICT_OBJC_MSGSEND = YES;
				ENABLE_TESTABILITY = YES;
				ENABLE_USER_SCRIPT_SANDBOXING = YES;
				GCC_C_LANGUAGE_STANDARD = gnu17;
				GCC_DYNAMIC_NO_PIC = NO;
				GCC_NO_COMMON_BLOCKS = YES;
				GCC_OPTIMIZATION_LEVEL = 0;
				GCC_PREPROCESSOR_DEFINITIONS = (
					"DEBUG=1",
					"$(inherited)",
				);
				GCC_WARN_64_TO_32_BIT_CONVERSION = YES;
				GCC_WARN_ABOUT_RETURN_TYPE = YES_ERROR;
				GCC_WARN_UNDECLARED_SELECTOR = YES;
				GCC_WARN_UNINITIALIZED_AUTOS = YES_AGGRESSIVE;
				GCC_WARN_UNUSED_FUNCTION = YES;
				GCC_WARN_UNUSED_VARIABLE = YES;
				IPHONEOS_DEPLOYMENT_TARGET = 17.2;
				LOCALIZATION_PREFERS_STRING_CATALOGS = YES;
				MTL_ENABLE_DEBUG_INFO = INCLUDE_SOURCE;
				MTL_FAST_MATH = YES;
				ONLY_ACTIVE_ARCH = YES;
				SDKROOT = iphoneos;
				SWIFT_ACTIVE_COMPILATION_CONDITIONS = "DEBUG $(inherited)";
				SWIFT_OPTIMIZATION_LEVEL = "-Onone";
			};
			name = Debug;
		};
		71F594E52B87F670004A61ED /* Release */ = {
			isa = XCBuildConfiguration;
			buildSettings = {
				ALWAYS_SEARCH_USER_PATHS = NO;
				ASSETCATALOG_COMPILER_GENERATE_SWIFT_ASSET_SYMBOL_EXTENSIONS = YES;
				CLANG_ANALYZER_NONNULL = YES;
				CLANG_ANALYZER_NUMBER_OBJECT_CONVERSION = YES_AGGRESSIVE;
				CLANG_CXX_LANGUAGE_STANDARD = "gnu++20";
				CLANG_ENABLE_MODULES = YES;
				CLANG_ENABLE_OBJC_ARC = YES;
				CLANG_ENABLE_OBJC_WEAK = YES;
				CLANG_WARN_BLOCK_CAPTURE_AUTORELEASING = YES;
				CLANG_WARN_BOOL_CONVERSION = YES;
				CLANG_WARN_COMMA = YES;
				CLANG_WARN_CONSTANT_CONVERSION = YES;
				CLANG_WARN_DEPRECATED_OBJC_IMPLEMENTATIONS = YES;
				CLANG_WARN_DIRECT_OBJC_ISA_USAGE = YES_ERROR;
				CLANG_WARN_DOCUMENTATION_COMMENTS = YES;
				CLANG_WARN_EMPTY_BODY = YES;
				CLANG_WARN_ENUM_CONVERSION = YES;
				CLANG_WARN_INFINITE_RECURSION = YES;
				CLANG_WARN_INT_CONVERSION = YES;
				CLANG_WARN_NON_LITERAL_NULL_CONVERSION = YES;
				CLANG_WARN_OBJC_IMPLICIT_RETAIN_SELF = YES;
				CLANG_WARN_OBJC_LITERAL_CONVERSION = YES;
				CLANG_WARN_OBJC_ROOT_CLASS = YES_ERROR;
				CLANG_WARN_QUOTED_INCLUDE_IN_FRAMEWORK_HEADER = YES;
				CLANG_WARN_RANGE_LOOP_ANALYSIS = YES;
				CLANG_WARN_STRICT_PROTOTYPES = YES;
				CLANG_WARN_SUSPICIOUS_MOVE = YES;
				CLANG_WARN_UNGUARDED_AVAILABILITY = YES_AGGRESSIVE;
				CLANG_WARN_UNREACHABLE_CODE = YES;
				CLANG_WARN__DUPLICATE_METHOD_MATCH = YES;
				COPY_PHASE_STRIP = NO;
				DEBUG_INFORMATION_FORMAT = "dwarf-with-dsym";
				ENABLE_NS_ASSERTIONS = NO;
				ENABLE_STRICT_OBJC_MSGSEND = YES;
				ENABLE_USER_SCRIPT_SANDBOXING = YES;
				GCC_C_LANGUAGE_STANDARD = gnu17;
				GCC_NO_COMMON_BLOCKS = YES;
				GCC_WARN_64_TO_32_BIT_CONVERSION = YES;
				GCC_WARN_ABOUT_RETURN_TYPE = YES_ERROR;
				GCC_WARN_UNDECLARED_SELECTOR = YES;
				GCC_WARN_UNINITIALIZED_AUTOS = YES_AGGRESSIVE;
				GCC_WARN_UNUSED_FUNCTION = YES;
				GCC_WARN_UNUSED_VARIABLE = YES;
				IPHONEOS_DEPLOYMENT_TARGET = 17.2;
				LOCALIZATION_PREFERS_STRING_CATALOGS = YES;
				MTL_ENABLE_DEBUG_INFO = NO;
				MTL_FAST_MATH = YES;
				SDKROOT = iphoneos;
				SWIFT_COMPILATION_MODE = wholemodule;
				VALIDATE_PRODUCT = YES;
			};
			name = Release;
		};
		71F594E72B87F670004A61ED /* Debug */ = {
			isa = XCBuildConfiguration;
			buildSettings = {
				ASSETCATALOG_COMPILER_APPICON_NAME = AppIcon;
				ASSETCATALOG_COMPILER_GLOBAL_ACCENT_COLOR_NAME = AccentColor;
				CODE_SIGN_STYLE = Automatic;
				CURRENT_PROJECT_VERSION = 1;
				DEVELOPMENT_ASSET_PATHS = "\"Absence Recorder/Preview Content\"";
				ENABLE_PREVIEWS = YES;
				GENERATE_INFOPLIST_FILE = YES;
				INFOPLIST_KEY_UIApplicationSceneManifest_Generation = YES;
				INFOPLIST_KEY_UIApplicationSupportsIndirectInputEvents = YES;
				INFOPLIST_KEY_UILaunchScreen_Generation = YES;
				INFOPLIST_KEY_UISupportedInterfaceOrientations_iPad = "UIInterfaceOrientationPortrait UIInterfaceOrientationPortraitUpsideDown UIInterfaceOrientationLandscapeLeft UIInterfaceOrientationLandscapeRight";
				INFOPLIST_KEY_UISupportedInterfaceOrientations_iPhone = "UIInterfaceOrientationPortrait UIInterfaceOrientationLandscapeLeft UIInterfaceOrientationLandscapeRight";
				LD_RUNPATH_SEARCH_PATHS = (
					"$(inherited)",
					"@executable_path/Frameworks",
				);
				MARKETING_VERSION = 1.0;
				PRODUCT_BUNDLE_IDENTIFIER = "com.linmat.AbsenceRecorder.Absence-Recorder";
				PRODUCT_NAME = "$(TARGET_NAME)";
				SWIFT_EMIT_LOC_STRINGS = YES;
				SWIFT_VERSION = 5.0;
				TARGETED_DEVICE_FAMILY = "1,2";
			};
			name = Debug;
		};
		71F594E82B87F670004A61ED /* Release */ = {
			isa = XCBuildConfiguration;
			buildSettings = {
				ASSETCATALOG_COMPILER_APPICON_NAME = AppIcon;
				ASSETCATALOG_COMPILER_GLOBAL_ACCENT_COLOR_NAME = AccentColor;
				CODE_SIGN_STYLE = Automatic;
				CURRENT_PROJECT_VERSION = 1;
				DEVELOPMENT_ASSET_PATHS = "\"Absence Recorder/Preview Content\"";
				ENABLE_PREVIEWS = YES;
				GENERATE_INFOPLIST_FILE = YES;
				INFOPLIST_KEY_UIApplicationSceneManifest_Generation = YES;
				INFOPLIST_KEY_UIApplicationSupportsIndirectInputEvents = YES;
				INFOPLIST_KEY_UILaunchScreen_Generation = YES;
				INFOPLIST_KEY_UISupportedInterfaceOrientations_iPad = "UIInterfaceOrientationPortrait UIInterfaceOrientationPortraitUpsideDown UIInterfaceOrientationLandscapeLeft UIInterfaceOrientationLandscapeRight";
				INFOPLIST_KEY_UISupportedInterfaceOrientations_iPhone = "UIInterfaceOrientationPortrait UIInterfaceOrientationLandscapeLeft UIInterfaceOrientationLandscapeRight";
				LD_RUNPATH_SEARCH_PATHS = (
					"$(inherited)",
					"@executable_path/Frameworks",
				);
				MARKETING_VERSION = 1.0;
				PRODUCT_BUNDLE_IDENTIFIER = "com.linmat.AbsenceRecorder.Absence-Recorder";
				PRODUCT_NAME = "$(TARGET_NAME)";
				SWIFT_EMIT_LOC_STRINGS = YES;
				SWIFT_VERSION = 5.0;
				TARGETED_DEVICE_FAMILY = "1,2";
			};
			name = Release;
		};
		71F594EA2B87F670004A61ED /* Debug */ = {
			isa = XCBuildConfiguration;
			buildSettings = {
				ALWAYS_EMBED_SWIFT_STANDARD_LIBRARIES = YES;
				BUNDLE_LOADER = "$(TEST_HOST)";
				CODE_SIGN_STYLE = Automatic;
				CURRENT_PROJECT_VERSION = 1;
				GENERATE_INFOPLIST_FILE = YES;
				IPHONEOS_DEPLOYMENT_TARGET = 17.2;
				MARKETING_VERSION = 1.0;
				PRODUCT_BUNDLE_IDENTIFIER = "com.linmat.AbsenceRecorder.Absence-RecorderTests";
				PRODUCT_NAME = "$(TARGET_NAME)";
				SWIFT_EMIT_LOC_STRINGS = NO;
				SWIFT_VERSION = 5.0;
				TARGETED_DEVICE_FAMILY = "1,2";
				TEST_HOST = "$(BUILT_PRODUCTS_DIR)/Absence Recorder.app/$(BUNDLE_EXECUTABLE_FOLDER_PATH)/Absence Recorder";
			};
			name = Debug;
		};
		71F594EB2B87F670004A61ED /* Release */ = {
			isa = XCBuildConfiguration;
			buildSettings = {
				ALWAYS_EMBED_SWIFT_STANDARD_LIBRARIES = YES;
				BUNDLE_LOADER = "$(TEST_HOST)";
				CODE_SIGN_STYLE = Automatic;
				CURRENT_PROJECT_VERSION = 1;
				GENERATE_INFOPLIST_FILE = YES;
				IPHONEOS_DEPLOYMENT_TARGET = 17.2;
				MARKETING_VERSION = 1.0;
				PRODUCT_BUNDLE_IDENTIFIER = "com.linmat.AbsenceRecorder.Absence-RecorderTests";
				PRODUCT_NAME = "$(TARGET_NAME)";
				SWIFT_EMIT_LOC_STRINGS = NO;
				SWIFT_VERSION = 5.0;
				TARGETED_DEVICE_FAMILY = "1,2";
				TEST_HOST = "$(BUILT_PRODUCTS_DIR)/Absence Recorder.app/$(BUNDLE_EXECUTABLE_FOLDER_PATH)/Absence Recorder";
			};
			name = Release;
		};
		71F594ED2B87F670004A61ED /* Debug */ = {
			isa = XCBuildConfiguration;
			buildSettings = {
				ALWAYS_EMBED_SWIFT_STANDARD_LIBRARIES = YES;
				CODE_SIGN_STYLE = Automatic;
				CURRENT_PROJECT_VERSION = 1;
				GENERATE_INFOPLIST_FILE = YES;
				MARKETING_VERSION = 1.0;
				PRODUCT_BUNDLE_IDENTIFIER = "com.linmat.AbsenceRecorder.Absence-RecorderUITests";
				PRODUCT_NAME = "$(TARGET_NAME)";
				SWIFT_EMIT_LOC_STRINGS = NO;
				SWIFT_VERSION = 5.0;
				TARGETED_DEVICE_FAMILY = "1,2";
				TEST_TARGET_NAME = "Absence Recorder";
			};
			name = Debug;
		};
		71F594EE2B87F670004A61ED /* Release */ = {
			isa = XCBuildConfiguration;
			buildSettings = {
				ALWAYS_EMBED_SWIFT_STANDARD_LIBRARIES = YES;
				CODE_SIGN_STYLE = Automatic;
				CURRENT_PROJECT_VERSION = 1;
				GENERATE_INFOPLIST_FILE = YES;
				MARKETING_VERSION = 1.0;
				PRODUCT_BUNDLE_IDENTIFIER = "com.linmat.AbsenceRecorder.Absence-RecorderUITests";
				PRODUCT_NAME = "$(TARGET_NAME)";
				SWIFT_EMIT_LOC_STRINGS = NO;
				SWIFT_VERSION = 5.0;
				TARGETED_DEVICE_FAMILY = "1,2";
				TEST_TARGET_NAME = "Absence Recorder";
			};
			name = Release;
		};
/* End XCBuildConfiguration section */

/* Begin XCConfigurationList section */
		71F594BD2B87F66E004A61ED /* Build configuration list for PBXProject "Absence Recorder" */ = {
			isa = XCConfigurationList;
			buildConfigurations = (
				71F594E42B87F670004A61ED /* Debug */,
				71F594E52B87F670004A61ED /* Release */,
			);
			defaultConfigurationIsVisible = 0;
			defaultConfigurationName = Release;
		};
		71F594E62B87F670004A61ED /* Build configuration list for PBXNativeTarget "Absence Recorder" */ = {
			isa = XCConfigurationList;
			buildConfigurations = (
				71F594E72B87F670004A61ED /* Debug */,
				71F594E82B87F670004A61ED /* Release */,
			);
			defaultConfigurationIsVisible = 0;
			defaultConfigurationName = Release;
		};
		71F594E92B87F670004A61ED /* Build configuration list for PBXNativeTarget "Absence RecorderTests" */ = {
			isa = XCConfigurationList;
			buildConfigurations = (
				71F594EA2B87F670004A61ED /* Debug */,
				71F594EB2B87F670004A61ED /* Release */,
			);
			defaultConfigurationIsVisible = 0;
			defaultConfigurationName = Release;
		};
		71F594EC2B87F670004A61ED /* Build configuration list for PBXNativeTarget "Absence RecorderUITests" */ = {
			isa = XCConfigurationList;
			buildConfigurations = (
				71F594ED2B87F670004A61ED /* Debug */,
				71F594EE2B87F670004A61ED /* Release */,
			);
			defaultConfigurationIsVisible = 0;
			defaultConfigurationName = Release;
		};
/* End XCConfigurationList section */
	};
	rootObject = 71F594BA2B87F66E004A61ED /* Project object */;
}
